
Microsoft Visual Studio Solution File, Format Version 10.00
# Visual Studio 2008
Project("{FAE04EC0-301F-11D3-BF4B-00C04F79EFBC}") = "L3_HSIB_Front_Pro3", "L3_HSIB_Front_Pro3\L3_HSIB_Front_Pro3.csproj", "{56E6EC8B-B715-4C66-A423-07E1C849A563}"
EndProject
Global
	GlobalSection(SolutionConfigurationPlatforms) = preSolution
		Debug|Any CPU = Debug|Any CPU
		Release|Any CPU = Release|Any CPU
	EndGlobalSection
	GlobalSection(ProjectConfigurationPlatforms) = postSolution
		{56E6EC8B-B715-4C66-A423-07E1C849A563}.Debug|Any CPU.ActiveCfg = Debug|Any CPU
		{56E6EC8B-B715-4C66-A423-07E1C849A563}.Debug|Any CPU.Build.0 = Debug|Any CPU
		{56E6EC8B-B715-4C66-A423-07E1C849A563}.Release|Any CPU.ActiveCfg = Release|Any CPU
		{56E6EC8B-B715-4C66-A423-07E1C849A563}.Release|Any CPU.Build.0 = Release|Any CPU
	EndGlobalSection
	GlobalSection(SolutionProperties) = preSolution
		HideSolutionNode = FALSE
	EndGlobalSection
EndGlobal
